
Microsoft Visual Studio Solution File, Format Version 12.00
# Visual Studio Version 17
VisualStudioVersion = 17.10.35027.167
MinimumVisualStudioVersion = 10.0.40219.1
Project("{FAE04EC0-301F-11D3-BF4B-00C04F79EFBC}") = "DbUpDemo", "DbUpDemo\DbUpDemo.csproj", "{0F81A32F-4009-4129-96BD-024F4356487D}"
EndProject
Global
	GlobalSection(SolutionConfigurationPlatforms) = preSolution
		Debug|Any CPU = Debug|Any CPU
		Release|Any CPU = Release|Any CPU
	EndGlobalSection
	GlobalSection(ProjectConfigurationPlatforms) = postSolution
		{0F81A32F-4009-4129-96BD-024F4356487D}.Debug|Any CPU.ActiveCfg = Debug|Any CPU
		{0F81A32F-4009-4129-96BD-024F4356487D}.Debug|Any CPU.Build.0 = Debug|Any CPU
		{0F81A32F-4009-4129-96BD-024F4356487D}.Release|Any CPU.ActiveCfg = Release|Any CPU
		{0F81A32F-4009-4129-96BD-024F4356487D}.Release|Any CPU.Build.0 = Release|Any CPU
	EndGlobalSection
	GlobalSection(SolutionProperties) = preSolution
		HideSolutionNode = FALSE
	EndGlobalSection
	GlobalSection(ExtensibilityGlobals) = postSolution
		SolutionGuid = {9258168E-A827-4892-B70F-CD876CF302D8}
	EndGlobalSection
EndGlobal
